
Microsoft Visual Studio Solution File, Format Version 12.00
# Visual Studio Version 16
VisualStudioVersion = 16.0.30320.27
MinimumVisualStudioVersion = 10.0.40219.1
Project("{FAE04EC0-301F-11D3-BF4B-00C04F79EFBC}") = "Colors", "Colors.csproj", "{FF934885-3D7C-4EA5-86DE-33227EA9F0E0}"
EndProject
Global
	GlobalSection(SolutionConfigurationPlatforms) = preSolution
		Debug|Any CPU = Debug|Any CPU
		Release|Any CPU = Release|Any CPU
	EndGlobalSection
	GlobalSection(ProjectConfigurationPlatforms) = postSolution
		{FF934885-3D7C-4EA5-86DE-33227EA9F0E0}.Debug|Any CPU.ActiveCfg = Debug|Any CPU
		{FF934885-3D7C-4EA5-86DE-33227EA9F0E0}.Debug|Any CPU.Build.0 = Debug|Any CPU
		{FF934885-3D7C-4EA5-86DE-33227EA9F0E0}.Release|Any CPU.ActiveCfg = Release|Any CPU
		{FF934885-3D7C-4EA5-86DE-33227EA9F0E0}.Release|Any CPU.Build.0 = Release|Any CPU
	EndGlobalSection
	GlobalSection(SolutionProperties) = preSolution
		HideSolutionNode = FALSE
	EndGlobalSection
	GlobalSection(ExtensibilityGlobals) = postSolution
		SolutionGuid = {F96BC870-6891-459A-AAD3-20D01895BFC0}
	EndGlobalSection
EndGlobal
